
Microsoft Visual Studio Solution File, Format Version 12.00
# Visual Studio Version 17
VisualStudioVersion = 17.6.33815.320
MinimumVisualStudioVersion = 10.0.40219.1
Project("{2150E333-8FDC-42A3-9474-1A3956D46DE8}") = "Engine", "Engine", "{4E0762F5-2D80-4D56-A94C-6F101098C285}"
EndProject
Project("{2150E333-8FDC-42A3-9474-1A3956D46DE8}") = "Game", "Game", "{05412154-2A87-453F-A276-907D0BFFF23F}"
EndProject
Project("{8BC9CEB8-8B4A-11D0-8D11-00A0C91BC942}") = "Audio", "Source\Engine\Audio\Audio.vcxproj", "{43DF3037-030B-4D19-BCCE-2E895E503CEA}"
EndProject
Project("{8BC9CEB8-8B4A-11D0-8D11-00A0C91BC942}") = "Core", "Source\Engine\Core\Core.vcxproj", "{1D092BB4-D4D2-4984-B784-0A466814783A}"
EndProject
Project("{8BC9CEB8-8B4A-11D0-8D11-00A0C91BC942}") = "Framework", "Source\Engine\Framework\Framework.vcxproj", "{5AFCCC83-6DCA-43BD-A6E2-BF9EBA5C6A79}"
EndProject
Project("{8BC9CEB8-8B4A-11D0-8D11-00A0C91BC942}") = "Input", "Source\Engine\Input\Input.vcxproj", "{6B0E733F-2283-422A-9B05-67F1B86D3225}"
EndProject
Project("{8BC9CEB8-8B4A-11D0-8D11-00A0C91BC942}") = "Renderer", "Source\Engine\Renderer\Renderer.vcxproj", "{32D52A8C-52B4-4A2C-8039-7AF1E97E887C}"
EndProject
Project("{8BC9CEB8-8B4A-11D0-8D11-00A0C91BC942}") = "Game", "Source\Game\Game\Game.vcxproj", "{D9EA006E-0727-498C-AB87-32C9CBA5BEE3}"
EndProject
Project("{8BC9CEB8-8B4A-11D0-8D11-00A0C91BC942}") = "Physics", "Source\Engine\Physics\Physics.vcxproj", "{3D21A497-EE86-4807-AB97-81A8A28E63A9}"
EndProject
Project("{8BC9CEB8-8B4A-11D0-8D11-00A0C91BC942}") = "PlatformGame", "Source\Game\PlatformGame\PlatformGame.vcxproj", "{63757066-19C5-4A5F-AD66-BC4026B1BD4D}"
EndProject
Global
	GlobalSection(SolutionConfigurationPlatforms) = preSolution
		Debug|x64 = Debug|x64
		Debug|x86 = Debug|x86
		Release|x64 = Release|x64
		Release|x86 = Release|x86
	EndGlobalSection
	GlobalSection(ProjectConfigurationPlatforms) = postSolution
		{43DF3037-030B-4D19-BCCE-2E895E503CEA}.Debug|x64.ActiveCfg = Debug|x64
		{43DF3037-030B-4D19-BCCE-2E895E503CEA}.Debug|x64.Build.0 = Debug|x64
		{43DF3037-030B-4D19-BCCE-2E895E503CEA}.Debug|x86.ActiveCfg = Debug|Win32
		{43DF3037-030B-4D19-BCCE-2E895E503CEA}.Debug|x86.Build.0 = Debug|Win32
		{43DF3037-030B-4D19-BCCE-2E895E503CEA}.Release|x64.ActiveCfg = Release|x64
		{43DF3037-030B-4D19-BCCE-2E895E503CEA}.Release|x64.Build.0 = Release|x64
		{43DF3037-030B-4D19-BCCE-2E895E503CEA}.Release|x86.ActiveCfg = Release|Win32
		{43DF3037-030B-4D19-BCCE-2E895E503CEA}.Release|x86.Build.0 = Release|Win32
		{1D092BB4-D4D2-4984-B784-0A466814783A}.Debug|x64.ActiveCfg = Debug|x64
		{1D092BB4-D4D2-4984-B784-0A466814783A}.Debug|x64.Build.0 = Debug|x64
		{1D092BB4-D4D2-4984-B784-0A466814783A}.Debug|x86.ActiveCfg = Debug|Win32
		{1D092BB4-D4D2-4984-B784-0A466814783A}.Debug|x86.Build.0 = Debug|Win32
		{1D092BB4-D4D2-4984-B784-0A466814783A}.Release|x64.ActiveCfg = Release|x64
		{1D092BB4-D4D2-4984-B784-0A466814783A}.Release|x64.Build.0 = Release|x64
		{1D092BB4-D4D2-4984-B784-0A466814783A}.Release|x86.ActiveCfg = Release|Win32
		{1D092BB4-D4D2-4984-B784-0A466814783A}.Release|x86.Build.0 = Release|Win32
		{5AFCCC83-6DCA-43BD-A6E2-BF9EBA5C6A79}.Debug|x64.ActiveCfg = Debug|x64
		{5AFCCC83-6DCA-43BD-A6E2-BF9EBA5C6A79}.Debug|x64.Build.0 = Debug|x64
		{5AFCCC83-6DCA-43BD-A6E2-BF9EBA5C6A79}.Debug|x86.ActiveCfg = Debug|Win32
		{5AFCCC83-6DCA-43BD-A6E2-BF9EBA5C6A79}.Debug|x86.Build.0 = Debug|Win32
		{5AFCCC83-6DCA-43BD-A6E2-BF9EBA5C6A79}.Release|x64.ActiveCfg = Release|x64
		{5AFCCC83-6DCA-43BD-A6E2-BF9EBA5C6A79}.Release|x64.Build.0 = Release|x64
		{5AFCCC83-6DCA-43BD-A6E2-BF9EBA5C6A79}.Release|x86.ActiveCfg = Release|Win32
		{5AFCCC83-6DCA-43BD-A6E2-BF9EBA5C6A79}.Release|x86.Build.0 = Release|Win32
		{6B0E733F-2283-422A-9B05-67F1B86D3225}.Debug|x64.ActiveCfg = Debug|x64
		{6B0E733F-2283-422A-9B05-67F1B86D3225}.Debug|x64.Build.0 = Debug|x64
		{6B0E733F-2283-422A-9B05-67F1B86D3225}.Debug|x86.ActiveCfg = Debug|Win32
		{6B0E733F-2283-422A-9B05-67F1B86D3225}.Debug|x86.Build.0 = Debug|Win32
		{6B0E733F-2283-422A-9B05-67F1B86D3225}.Release|x64.ActiveCfg = Release|x64
		{6B0E733F-2283-422A-9B05-67F1B86D3225}.Release|x64.Build.0 = Release|x64
		{6B0E733F-2283-422A-9B05-67F1B86D3225}.Release|x86.ActiveCfg = Release|Win32
		{6B0E733F-2283-422A-9B05-67F1B86D3225}.Release|x86.Build.0 = Release|Win32
		{32D52A8C-52B4-4A2C-8039-7AF1E97E887C}.Debug|x64.ActiveCfg = Debug|x64
		{32D52A8C-52B4-4A2C-8039-7AF1E97E887C}.Debug|x64.Build.0 = Debug|x64
		{32D52A8C-52B4-4A2C-8039-7AF1E97E887C}.Debug|x86.ActiveCfg = Debug|Win32
		{32D52A8C-52B4-4A2C-8039-7AF1E97E887C}.Debug|x86.Build.0 = Debug|Win32
		{32D52A8C-52B4-4A2C-8039-7AF1E97E887C}.Release|x64.ActiveCfg = Release|x64
		{32D52A8C-52B4-4A2C-8039-7AF1E97E887C}.Release|x64.Build.0 = Release|x64
		{32D52A8C-52B4-4A2C-8039-7AF1E97E887C}.Release|x86.ActiveCfg = Release|Win32
		{32D52A8C-52B4-4A2C-8039-7AF1E97E887C}.Release|x86.Build.0 = Release|Win32
		{D9EA006E-0727-498C-AB87-32C9CBA5BEE3}.Debug|x64.ActiveCfg = Debug|x64
		{D9EA006E-0727-498C-AB87-32C9CBA5BEE3}.Debug|x64.Build.0 = Debug|x64
		{D9EA006E-0727-498C-AB87-32C9CBA5BEE3}.Debug|x86.ActiveCfg = Debug|Win32
		{D9EA006E-0727-498C-AB87-32C9CBA5BEE3}.Debug|x86.Build.0 = Debug|Win32
		{D9EA006E-0727-498C-AB87-32C9CBA5BEE3}.Release|x64.ActiveCfg = Release|x64
		{D9EA006E-0727-498C-AB87-32C9CBA5BEE3}.Release|x64.Build.0 = Release|x64
		{D9EA006E-0727-498C-AB87-32C9CBA5BEE3}.Release|x86.ActiveCfg = Release|Win32
		{D9EA006E-0727-498C-AB87-32C9CBA5BEE3}.Release|x86.Build.0 = Release|Win32
		{3D21A497-EE86-4807-AB97-81A8A28E63A9}.Debug|x64.ActiveCfg = Debug|x64
		{3D21A497-EE86-4807-AB97-81A8A28E63A9}.Debug|x64.Build.0 = Debug|x64
		{3D21A497-EE86-4807-AB97-81A8A28E63A9}.Debug|x86.ActiveCfg = Debug|Win32
		{3D21A497-EE86-4807-AB97-81A8A28E63A9}.Debug|x86.Build.0 = Debug|Win32
		{3D21A497-EE86-4807-AB97-81A8A28E63A9}.Release|x64.ActiveCfg = Release|x64
		{3D21A497-EE86-4807-AB97-81A8A28E63A9}.Release|x64.Build.0 = Release|x64
		{3D21A497-EE86-4807-AB97-81A8A28E63A9}.Release|x86.ActiveCfg = Release|Win32
		{3D21A497-EE86-4807-AB97-81A8A28E63A9}.Release|x86.Build.0 = Release|Win32
		{63757066-19C5-4A5F-AD66-BC4026B1BD4D}.Debug|x64.ActiveCfg = Debug|x64
		{63757066-19C5-4A5F-AD66-BC4026B1BD4D}.Debug|x64.Build.0 = Debug|x64
		{63757066-19C5-4A5F-AD66-BC4026B1BD4D}.Debug|x86.ActiveCfg = Debug|Win32
		{63757066-19C5-4A5F-AD66-BC4026B1BD4D}.Debug|x86.Build.0 = Debug|Win32
		{63757066-19C5-4A5F-AD66-BC4026B1BD4D}.Release|x64.ActiveCfg = Release|x64
		{63757066-19C5-4A5F-AD66-BC4026B1BD4D}.Release|x64.Build.0 = Release|x64
		{63757066-19C5-4A5F-AD66-BC4026B1BD4D}.Release|x86.ActiveCfg = Release|Win32
		{63757066-19C5-4A5F-AD66-BC4026B1BD4D}.Release|x86.Build.0 = Release|Win32
	EndGlobalSection
	GlobalSection(SolutionProperties) = preSolution
		HideSolutionNode = FALSE
	EndGlobalSection
	GlobalSection(NestedProjects) = preSolution
		{43DF3037-030B-4D19-BCCE-2E895E503CEA} = {4E0762F5-2D80-4D56-A94C-6F101098C285}
		{1D092BB4-D4D2-4984-B784-0A466814783A} = {4E0762F5-2D80-4D56-A94C-6F101098C285}
		{5AFCCC83-6DCA-43BD-A6E2-BF9EBA5C6A79} = {4E0762F5-2D80-4D56-A94C-6F101098C285}
		{6B0E733F-2283-422A-9B05-67F1B86D3225} = {4E0762F5-2D80-4D56-A94C-6F101098C285}
		{32D52A8C-52B4-4A2C-8039-7AF1E97E887C} = {4E0762F5-2D80-4D56-A94C-6F101098C285}
		{D9EA006E-0727-498C-AB87-32C9CBA5BEE3} = {05412154-2A87-453F-A276-907D0BFFF23F}
		{3D21A497-EE86-4807-AB97-81A8A28E63A9} = {4E0762F5-2D80-4D56-A94C-6F101098C285}
		{63757066-19C5-4A5F-AD66-BC4026B1BD4D} = {05412154-2A87-453F-A276-907D0BFFF23F}
	EndGlobalSection
	GlobalSection(ExtensibilityGlobals) = postSolution
		SolutionGuid = {867D6BC6-6A8E-4613-AAAF-7773AE3C833D}
	EndGlobalSection
EndGlobal
